
Microsoft Visual Studio Solution File, Format Version 12.00
# Visual Studio Version 17
VisualStudioVersion = 17.9.34616.47
MinimumVisualStudioVersion = 10.0.40219.1
Project("{FAE04EC0-301F-11D3-BF4B-00C04F79EFBC}") = "MilesCarRentalApi", "MilesCarRentalApi\MilesCarRentalApi.csproj", "{48EF69B4-614D-4242-87F2-9EDB4B8FFA9A}"
EndProject
Global
	GlobalSection(SolutionConfigurationPlatforms) = preSolution
		Debug|Any CPU = Debug|Any CPU
		Release|Any CPU = Release|Any CPU
	EndGlobalSection
	GlobalSection(ProjectConfigurationPlatforms) = postSolution
		{48EF69B4-614D-4242-87F2-9EDB4B8FFA9A}.Debug|Any CPU.ActiveCfg = Debug|Any CPU
		{48EF69B4-614D-4242-87F2-9EDB4B8FFA9A}.Debug|Any CPU.Build.0 = Debug|Any CPU
		{48EF69B4-614D-4242-87F2-9EDB4B8FFA9A}.Release|Any CPU.ActiveCfg = Release|Any CPU
		{48EF69B4-614D-4242-87F2-9EDB4B8FFA9A}.Release|Any CPU.Build.0 = Release|Any CPU
	EndGlobalSection
	GlobalSection(SolutionProperties) = preSolution
		HideSolutionNode = FALSE
	EndGlobalSection
	GlobalSection(ExtensibilityGlobals) = postSolution
		SolutionGuid = {739B5EEF-0631-4CB6-80F6-FCA9174F1F57}
	EndGlobalSection
EndGlobal
